
Microsoft Visual Studio Solution File, Format Version 12.00
# Visual Studio Version 17
VisualStudioVersion = 17.12.35506.116
MinimumVisualStudioVersion = 10.0.40219.1
Project("{FAE04EC0-301F-11D3-BF4B-00C04F79EFBC}") = "wpf_test", "wpf_test\wpf_test.csproj", "{81902D14-0E9A-4E22-8333-719C3F1AA9AE}"
EndProject
Project("{8BC9CEB8-8B4A-11D0-8D11-00A0C91BC942}") = "CppDllTest", "CppDllTest\CppDllTest.vcxproj", "{8DA2E311-5234-44E2-A22F-1E1CDE88608F}"
EndProject
Project("{2150E333-8FDC-42A3-9474-1A3956D46DE8}") = "Prism_test", "Prism_test", "{D1BC8930-3E12-46A6-BE40-BCED14F65BEE}"
EndProject
Project("{2150E333-8FDC-42A3-9474-1A3956D46DE8}") = "01-BootstrapperShell", "01-BootstrapperShell", "{551CFE07-3C14-40D5-8B57-364BC1C7A223}"
EndProject
Project("{FAE04EC0-301F-11D3-BF4B-00C04F79EFBC}") = "BootstrapperShell", "Prism_test\BootstrapperShell\BootstrapperShell.csproj", "{3F257E58-A9BB-4DDE-A308-31AEF9D46918}"
EndProject
Project("{2150E333-8FDC-42A3-9474-1A3956D46DE8}") = "02-Regions", "02-Regions", "{CBAE93B0-0C1E-4BD4-B82A-2495493316CE}"
EndProject
Project("{FAE04EC0-301F-11D3-BF4B-00C04F79EFBC}") = "Regions", "Prism_test\Regions\Regions.csproj", "{ADA34AA2-9B3B-407D-875B-ED7AA96674CF}"
EndProject
Project("{2150E333-8FDC-42A3-9474-1A3956D46DE8}") = "03-CustomRegions", "03-CustomRegions", "{87989344-6B11-4DFE-9B86-DF830B498EAE}"
EndProject
Project("{FAE04EC0-301F-11D3-BF4B-00C04F79EFBC}") = "CustomRegions", "Prism_test\CustomRegions\CustomRegions.csproj", "{E0CBA2DD-70D8-4802-A27C-73D85215A0AD}"
EndProject
Project("{2150E333-8FDC-42A3-9474-1A3956D46DE8}") = "04-ViewDiscovery", "04-ViewDiscovery", "{53BF60A9-331C-4A1E-BDD9-010E22EBC6F7}"
EndProject
Project("{FAE04EC0-301F-11D3-BF4B-00C04F79EFBC}") = "ViewDiscovery", "Prism_test\ViewDiscovery\ViewDiscovery.csproj", "{728F9A36-FFB2-48CA-921F-4821B20A177B}"
EndProject
Project("{2150E333-8FDC-42A3-9474-1A3956D46DE8}") = "05-ViewInjection", "05-ViewInjection", "{0949AC23-B831-4421-8584-3853BADE84B1}"
EndProject
Project("{FAE04EC0-301F-11D3-BF4B-00C04F79EFBC}") = "ViewInjection", "Prism_test\ViewInjection\ViewInjection.csproj", "{D699FB82-BD5B-4F45-9B12-F239AA91B5C7}"
EndProject
Project("{2150E333-8FDC-42A3-9474-1A3956D46DE8}") = "06-ViewActivationDeactivation", "06-ViewActivationDeactivation", "{34D59986-6FF6-4AB8-8472-2CCA68528E8D}"
EndProject
Project("{FAE04EC0-301F-11D3-BF4B-00C04F79EFBC}") = "ActivationDeactivation", "Prism_test\ActivationDeactivation\ActivationDeactivation.csproj", "{F60B385B-D06C-497C-88E1-CAC47778C0C0}"
EndProject
Project("{2150E333-8FDC-42A3-9474-1A3956D46DE8}") = "07-Modules", "07-Modules", "{2A6EBABC-260F-47CA-BBD5-90564762872B}"
EndProject
Project("{2150E333-8FDC-42A3-9474-1A3956D46DE8}") = "Modules-AppConfig", "Modules-AppConfig", "{FED205D9-3C3A-4004-8F80-99F5BB96EEF6}"
EndProject
Project("{FAE04EC0-301F-11D3-BF4B-00C04F79EFBC}") = "Modules_AppConfig", "Prism_test\Modules_AppConfig\Modules_AppConfig.csproj", "{F25232E8-E6B7-4BA0-BE76-6E763C8DB687}"
EndProject
Project("{FAE04EC0-301F-11D3-BF4B-00C04F79EFBC}") = "ModuleA", "Prism_test\ModuleA\ModuleA.csproj", "{AE414221-C295-41B2-BB61-59480A8E31A6}"
EndProject
Project("{FAE04EC0-301F-11D3-BF4B-00C04F79EFBC}") = "ModuleB", "Prism_test\ModuleB\ModuleB.csproj", "{7E78C9B4-CC2D-4AE2-BC23-121ECC8EBA95}"
EndProject
Project("{2150E333-8FDC-42A3-9474-1A3956D46DE8}") = "Modules-Code", "Modules-Code", "{2E8D1000-4C58-438F-80F2-F0D962EACFF8}"
EndProject
Project("{FAE04EC0-301F-11D3-BF4B-00C04F79EFBC}") = "Modules_Code", "Prism_test\Modules_Code\Modules_Code.csproj", "{4357CB79-27CF-412C-9251-7E6847008A5C}"
EndProject
Project("{2150E333-8FDC-42A3-9474-1A3956D46DE8}") = "Modules-Directory", "Modules-Directory", "{8C4238EC-B117-4950-A8E2-A815E62F8635}"
EndProject
Project("{FAE04EC0-301F-11D3-BF4B-00C04F79EFBC}") = "Modules_Directory", "Prism_test\Modules_Directory\Modules_Directory.csproj", "{506665CA-2E5A-4578-8469-45D9D74AEDBC}"
EndProject
Project("{2150E333-8FDC-42A3-9474-1A3956D46DE8}") = "Modules-LoadManual", "Modules-LoadManual", "{81F04390-1048-4DE5-B7CB-97F01AFF0F3A}"
EndProject
Project("{FAE04EC0-301F-11D3-BF4B-00C04F79EFBC}") = "Modules_LoadManual", "Prism_test\Modules_LoadManual\Modules_LoadManual.csproj", "{20739EE8-5CDE-496F-B831-ADBB4A97B06D}"
EndProject
Project("{2150E333-8FDC-42A3-9474-1A3956D46DE8}") = "Modules-Xaml", "Modules-Xaml", "{483D2301-8E92-4F3E-AFDB-F3CBE978BB63}"
EndProject
Project("{FAE04EC0-301F-11D3-BF4B-00C04F79EFBC}") = "Modules_Xaml", "Prism_test\Modules_Xaml\Modules_Xaml.csproj", "{0ACC0D29-B045-4220-ADD4-8681E78D5F0A}"
EndProject
Project("{2150E333-8FDC-42A3-9474-1A3956D46DE8}") = "08-ViewModelLocator", "08-ViewModelLocator", "{EC9A0A0E-0DFD-453B-B44D-900C497B230D}"
EndProject
Project("{FAE04EC0-301F-11D3-BF4B-00C04F79EFBC}") = "ViewModelLocator", "Prism_test\ViewModelLocator\ViewModelLocator.csproj", "{CC09BEFB-DA4C-401A-B737-4F08EF966272}"
EndProject
Project("{2150E333-8FDC-42A3-9474-1A3956D46DE8}") = "09-ChangeConvention", "09-ChangeConvention", "{CB8C043B-19DB-4188-9810-9B8E4ED7C6CE}"
EndProject
Project("{FAE04EC0-301F-11D3-BF4B-00C04F79EFBC}") = "ViewModelLocator_ChangeConvention", "Prism_test\ViewModelLocator_ChangeConvention\ViewModelLocator_ChangeConvention.csproj", "{B075218E-4068-4F01-80D3-AEFA0B24189E}"
EndProject
Project("{2150E333-8FDC-42A3-9474-1A3956D46DE8}") = "10-CustomRegistration", "10-CustomRegistration", "{F30983E7-0990-4528-864A-BD1409484252}"
EndProject
Project("{FAE04EC0-301F-11D3-BF4B-00C04F79EFBC}") = "ViewModelLocator_CustomRegistration", "Prism_test\ViewModelLocator_CustomRegistration\ViewModelLocator_CustomRegistration.csproj", "{29196197-9E36-481D-BED4-A578B2566EB2}"
EndProject
Project("{2150E333-8FDC-42A3-9474-1A3956D46DE8}") = "11-Commands", "11-Commands", "{DD981AE3-D90A-4EFD-B78A-4C1138004490}"
EndProject
Project("{FAE04EC0-301F-11D3-BF4B-00C04F79EFBC}") = "UsingDelegateCommands", "Prism_test\UsingDelegateCommands\UsingDelegateCommands.csproj", "{AB70766C-9D78-4EE5-A7C4-B561828D14D3}"
EndProject
Project("{FAE04EC0-301F-11D3-BF4B-00C04F79EFBC}") = "UsingCopositeCommands", "Prism_test\UsingCopositeCommands\UsingCopositeCommands.csproj", "{7E5404C9-92E1-48D2-9D60-5BD41CE69AFB}"
EndProject
Project("{FAE04EC0-301F-11D3-BF4B-00C04F79EFBC}") = "CompositeCommands.Core", "Prism_test\CompositeCommands.Core\CompositeCommands.Core.csproj", "{83C78AED-62C2-4DC2-B9E2-50885504D1EB}"
EndProject
Project("{FAE04EC0-301F-11D3-BF4B-00C04F79EFBC}") = "ModuleC", "Prism_test\ModuleC\ModuleC.csproj", "{5328D92A-F051-4B68-8AAC-4903FF0560EC}"
EndProject
Project("{2150E333-8FDC-42A3-9474-1A3956D46DE8}") = "12-UsingEventAggregator", "12-UsingEventAggregator", "{4B848FEE-C905-459F-8BBC-4E4E4719DCD7}"
EndProject
Project("{FAE04EC0-301F-11D3-BF4B-00C04F79EFBC}") = "UsingEventAggregator", "Prism_test\UsingEventAggregator\UsingEventAggregator.csproj", "{60909BE2-018F-4F15-8F32-2ACAA4669262}"
EndProject
Project("{FAE04EC0-301F-11D3-BF4B-00C04F79EFBC}") = "ModuleD", "Prism_test\ModuleD\ModuleD.csproj", "{2820C202-26E8-4BDF-84C3-82CCF86B54FB}"
EndProject
Project("{FAE04EC0-301F-11D3-BF4B-00C04F79EFBC}") = "ModuleE", "Prism_test\ModuleE\ModuleE.csproj", "{58E82B17-D064-4C4A-BC27-FBD0083BC1C9}"
EndProject
Project("{FAE04EC0-301F-11D3-BF4B-00C04F79EFBC}") = "UsingEventAggregator.Core", "Prism_test\UsingEventAggregator.Core\UsingEventAggregator.Core.csproj", "{0FC89B9E-4D18-4B86-820E-B4E947C8BE90}"
EndProject
Project("{2150E333-8FDC-42A3-9474-1A3956D46DE8}") = "13-RegionContext", "13-RegionContext", "{62508439-87CB-4948-BD2A-01648F9CF26C}"
EndProject
Project("{FAE04EC0-301F-11D3-BF4B-00C04F79EFBC}") = "RegionContext", "Prism_test\RegionContext\RegionContext.csproj", "{826620B3-F248-4CA3-9501-3576B833571E}"
EndProject
Project("{2150E333-8FDC-42A3-9474-1A3956D46DE8}") = "14-Navigation", "14-Navigation", "{62B1D0A3-F463-4C10-A783-CE6C65E8ADE0}"
EndProject
Project("{FAE04EC0-301F-11D3-BF4B-00C04F79EFBC}") = "ModuleNavi", "Prism_test\ModuleNavi\ModuleNavi.csproj", "{A3CD04B3-29E9-4B0A-ACF7-6860EA437679}"
EndProject
Project("{FAE04EC0-301F-11D3-BF4B-00C04F79EFBC}") = "Navagation_BasicRegion", "Prism_test\Navagation_BasicRegion\Navagation_BasicRegion.csproj", "{A06058C4-60A5-47C4-8593-EDCD5D999682}"
EndProject
Project("{2150E333-8FDC-42A3-9474-1A3956D46DE8}") = "15-UsingDialogService", "15-UsingDialogService", "{E2D88114-9A93-4522-9CFA-10391B357769}"
EndProject
Project("{FAE04EC0-301F-11D3-BF4B-00C04F79EFBC}") = "UsingDialogService", "Prism_test\UsingDialogService\UsingDialogService.csproj", "{8D2A3350-972F-46B8-A567-A47FDD7BC221}"
EndProject
Project("{2150E333-8FDC-42A3-9474-1A3956D46DE8}") = "16-InteractionCommand", "16-InteractionCommand", "{7D00B670-2C34-4E1A-BDF2-57B637F17BC9}"
EndProject
Project("{FAE04EC0-301F-11D3-BF4B-00C04F79EFBC}") = "UsingInvokeCommandAction", "Prism_test\UsingInvokeCommandAction\UsingInvokeCommandAction.csproj", "{D8A7C749-CA9C-4D68-AFC8-5AF3264EB70E}"
EndProject
Project("{2150E333-8FDC-42A3-9474-1A3956D46DE8}") = "MVVMLight_test", "MVVMLight_test", "{35692FC6-2D5D-4C9D-85AF-19E774E9A793}"
EndProject
Project("{FAE04EC0-301F-11D3-BF4B-00C04F79EFBC}") = "MVVMLight_Sample", "MVVMLight_test\MVVMLight_Sample\MVVMLight_Sample.csproj", "{56CD288E-F577-4994-912F-CF6712BD8F2D}"
EndProject
Global
	GlobalSection(SolutionConfigurationPlatforms) = preSolution
		Debug|Any CPU = Debug|Any CPU
		Debug|x64 = Debug|x64
		Debug|x86 = Debug|x86
		Release|Any CPU = Release|Any CPU
		Release|x64 = Release|x64
		Release|x86 = Release|x86
	EndGlobalSection
	GlobalSection(ProjectConfigurationPlatforms) = postSolution
		{81902D14-0E9A-4E22-8333-719C3F1AA9AE}.Debug|Any CPU.ActiveCfg = Debug|Any CPU
		{81902D14-0E9A-4E22-8333-719C3F1AA9AE}.Debug|Any CPU.Build.0 = Debug|Any CPU
		{81902D14-0E9A-4E22-8333-719C3F1AA9AE}.Debug|x64.ActiveCfg = Debug|Any CPU
		{81902D14-0E9A-4E22-8333-719C3F1AA9AE}.Debug|x64.Build.0 = Debug|Any CPU
		{81902D14-0E9A-4E22-8333-719C3F1AA9AE}.Debug|x86.ActiveCfg = Debug|Any CPU
		{81902D14-0E9A-4E22-8333-719C3F1AA9AE}.Debug|x86.Build.0 = Debug|Any CPU
		{81902D14-0E9A-4E22-8333-719C3F1AA9AE}.Release|Any CPU.ActiveCfg = Release|Any CPU
		{81902D14-0E9A-4E22-8333-719C3F1AA9AE}.Release|Any CPU.Build.0 = Release|Any CPU
		{81902D14-0E9A-4E22-8333-719C3F1AA9AE}.Release|x64.ActiveCfg = Release|Any CPU
		{81902D14-0E9A-4E22-8333-719C3F1AA9AE}.Release|x64.Build.0 = Release|Any CPU
		{81902D14-0E9A-4E22-8333-719C3F1AA9AE}.Release|x86.ActiveCfg = Release|Any CPU
		{81902D14-0E9A-4E22-8333-719C3F1AA9AE}.Release|x86.Build.0 = Release|Any CPU
		{8DA2E311-5234-44E2-A22F-1E1CDE88608F}.Debug|Any CPU.ActiveCfg = Debug|x64
		{8DA2E311-5234-44E2-A22F-1E1CDE88608F}.Debug|Any CPU.Build.0 = Debug|x64
		{8DA2E311-5234-44E2-A22F-1E1CDE88608F}.Debug|x64.ActiveCfg = Debug|x64
		{8DA2E311-5234-44E2-A22F-1E1CDE88608F}.Debug|x64.Build.0 = Debug|x64
		{8DA2E311-5234-44E2-A22F-1E1CDE88608F}.Debug|x86.ActiveCfg = Debug|Win32
		{8DA2E311-5234-44E2-A22F-1E1CDE88608F}.Debug|x86.Build.0 = Debug|Win32
		{8DA2E311-5234-44E2-A22F-1E1CDE88608F}.Release|Any CPU.ActiveCfg = Release|x64
		{8DA2E311-5234-44E2-A22F-1E1CDE88608F}.Release|Any CPU.Build.0 = Release|x64
		{8DA2E311-5234-44E2-A22F-1E1CDE88608F}.Release|x64.ActiveCfg = Release|x64
		{8DA2E311-5234-44E2-A22F-1E1CDE88608F}.Release|x64.Build.0 = Release|x64
		{8DA2E311-5234-44E2-A22F-1E1CDE88608F}.Release|x86.ActiveCfg = Release|Win32
		{8DA2E311-5234-44E2-A22F-1E1CDE88608F}.Release|x86.Build.0 = Release|Win32
		{3F257E58-A9BB-4DDE-A308-31AEF9D46918}.Debug|Any CPU.ActiveCfg = Debug|Any CPU
		{3F257E58-A9BB-4DDE-A308-31AEF9D46918}.Debug|Any CPU.Build.0 = Debug|Any CPU
		{3F257E58-A9BB-4DDE-A308-31AEF9D46918}.Debug|x64.ActiveCfg = Debug|Any CPU
		{3F257E58-A9BB-4DDE-A308-31AEF9D46918}.Debug|x64.Build.0 = Debug|Any CPU
		{3F257E58-A9BB-4DDE-A308-31AEF9D46918}.Debug|x86.ActiveCfg = Debug|Any CPU
		{3F257E58-A9BB-4DDE-A308-31AEF9D46918}.Debug|x86.Build.0 = Debug|Any CPU
		{3F257E58-A9BB-4DDE-A308-31AEF9D46918}.Release|Any CPU.ActiveCfg = Release|Any CPU
		{3F257E58-A9BB-4DDE-A308-31AEF9D46918}.Release|Any CPU.Build.0 = Release|Any CPU
		{3F257E58-A9BB-4DDE-A308-31AEF9D46918}.Release|x64.ActiveCfg = Release|Any CPU
		{3F257E58-A9BB-4DDE-A308-31AEF9D46918}.Release|x64.Build.0 = Release|Any CPU
		{3F257E58-A9BB-4DDE-A308-31AEF9D46918}.Release|x86.ActiveCfg = Release|Any CPU
		{3F257E58-A9BB-4DDE-A308-31AEF9D46918}.Release|x86.Build.0 = Release|Any CPU
		{ADA34AA2-9B3B-407D-875B-ED7AA96674CF}.Debug|Any CPU.ActiveCfg = Debug|Any CPU
		{ADA34AA2-9B3B-407D-875B-ED7AA96674CF}.Debug|Any CPU.Build.0 = Debug|Any CPU
		{ADA34AA2-9B3B-407D-875B-ED7AA96674CF}.Debug|x64.ActiveCfg = Debug|Any CPU
		{ADA34AA2-9B3B-407D-875B-ED7AA96674CF}.Debug|x64.Build.0 = Debug|Any CPU
		{ADA34AA2-9B3B-407D-875B-ED7AA96674CF}.Debug|x86.ActiveCfg = Debug|Any CPU
		{ADA34AA2-9B3B-407D-875B-ED7AA96674CF}.Debug|x86.Build.0 = Debug|Any CPU
		{ADA34AA2-9B3B-407D-875B-ED7AA96674CF}.Release|Any CPU.ActiveCfg = Release|Any CPU
		{ADA34AA2-9B3B-407D-875B-ED7AA96674CF}.Release|Any CPU.Build.0 = Release|Any CPU
		{ADA34AA2-9B3B-407D-875B-ED7AA96674CF}.Release|x64.ActiveCfg = Release|Any CPU
		{ADA34AA2-9B3B-407D-875B-ED7AA96674CF}.Release|x64.Build.0 = Release|Any CPU
		{ADA34AA2-9B3B-407D-875B-ED7AA96674CF}.Release|x86.ActiveCfg = Release|Any CPU
		{ADA34AA2-9B3B-407D-875B-ED7AA96674CF}.Release|x86.Build.0 = Release|Any CPU
		{E0CBA2DD-70D8-4802-A27C-73D85215A0AD}.Debug|Any CPU.ActiveCfg = Debug|Any CPU
		{E0CBA2DD-70D8-4802-A27C-73D85215A0AD}.Debug|Any CPU.Build.0 = Debug|Any CPU
		{E0CBA2DD-70D8-4802-A27C-73D85215A0AD}.Debug|x64.ActiveCfg = Debug|Any CPU
		{E0CBA2DD-70D8-4802-A27C-73D85215A0AD}.Debug|x64.Build.0 = Debug|Any CPU
		{E0CBA2DD-70D8-4802-A27C-73D85215A0AD}.Debug|x86.ActiveCfg = Debug|Any CPU
		{E0CBA2DD-70D8-4802-A27C-73D85215A0AD}.Debug|x86.Build.0 = Debug|Any CPU
		{E0CBA2DD-70D8-4802-A27C-73D85215A0AD}.Release|Any CPU.ActiveCfg = Release|Any CPU
		{E0CBA2DD-70D8-4802-A27C-73D85215A0AD}.Release|Any CPU.Build.0 = Release|Any CPU
		{E0CBA2DD-70D8-4802-A27C-73D85215A0AD}.Release|x64.ActiveCfg = Release|Any CPU
		{E0CBA2DD-70D8-4802-A27C-73D85215A0AD}.Release|x64.Build.0 = Release|Any CPU
		{E0CBA2DD-70D8-4802-A27C-73D85215A0AD}.Release|x86.ActiveCfg = Release|Any CPU
		{E0CBA2DD-70D8-4802-A27C-73D85215A0AD}.Release|x86.Build.0 = Release|Any CPU
		{728F9A36-FFB2-48CA-921F-4821B20A177B}.Debug|Any CPU.ActiveCfg = Debug|Any CPU
		{728F9A36-FFB2-48CA-921F-4821B20A177B}.Debug|Any CPU.Build.0 = Debug|Any CPU
		{728F9A36-FFB2-48CA-921F-4821B20A177B}.Debug|x64.ActiveCfg = Debug|Any CPU
		{728F9A36-FFB2-48CA-921F-4821B20A177B}.Debug|x64.Build.0 = Debug|Any CPU
		{728F9A36-FFB2-48CA-921F-4821B20A177B}.Debug|x86.ActiveCfg = Debug|Any CPU
		{728F9A36-FFB2-48CA-921F-4821B20A177B}.Debug|x86.Build.0 = Debug|Any CPU
		{728F9A36-FFB2-48CA-921F-4821B20A177B}.Release|Any CPU.ActiveCfg = Release|Any CPU
		{728F9A36-FFB2-48CA-921F-4821B20A177B}.Release|Any CPU.Build.0 = Release|Any CPU
		{728F9A36-FFB2-48CA-921F-4821B20A177B}.Release|x64.ActiveCfg = Release|Any CPU
		{728F9A36-FFB2-48CA-921F-4821B20A177B}.Release|x64.Build.0 = Release|Any CPU
		{728F9A36-FFB2-48CA-921F-4821B20A177B}.Release|x86.ActiveCfg = Release|Any CPU
		{728F9A36-FFB2-48CA-921F-4821B20A177B}.Release|x86.Build.0 = Release|Any CPU
		{D699FB82-BD5B-4F45-9B12-F239AA91B5C7}.Debug|Any CPU.ActiveCfg = Debug|Any CPU
		{D699FB82-BD5B-4F45-9B12-F239AA91B5C7}.Debug|Any CPU.Build.0 = Debug|Any CPU
		{D699FB82-BD5B-4F45-9B12-F239AA91B5C7}.Debug|x64.ActiveCfg = Debug|Any CPU
		{D699FB82-BD5B-4F45-9B12-F239AA91B5C7}.Debug|x64.Build.0 = Debug|Any CPU
		{D699FB82-BD5B-4F45-9B12-F239AA91B5C7}.Debug|x86.ActiveCfg = Debug|Any CPU
		{D699FB82-BD5B-4F45-9B12-F239AA91B5C7}.Debug|x86.Build.0 = Debug|Any CPU
		{D699FB82-BD5B-4F45-9B12-F239AA91B5C7}.Release|Any CPU.ActiveCfg = Release|Any CPU
		{D699FB82-BD5B-4F45-9B12-F239AA91B5C7}.Release|Any CPU.Build.0 = Release|Any CPU
		{D699FB82-BD5B-4F45-9B12-F239AA91B5C7}.Release|x64.ActiveCfg = Release|Any CPU
		{D699FB82-BD5B-4F45-9B12-F239AA91B5C7}.Release|x64.Build.0 = Release|Any CPU
		{D699FB82-BD5B-4F45-9B12-F239AA91B5C7}.Release|x86.ActiveCfg = Release|Any CPU
		{D699FB82-BD5B-4F45-9B12-F239AA91B5C7}.Release|x86.Build.0 = Release|Any CPU
		{F60B385B-D06C-497C-88E1-CAC47778C0C0}.Debug|Any CPU.ActiveCfg = Debug|Any CPU
		{F60B385B-D06C-497C-88E1-CAC47778C0C0}.Debug|Any CPU.Build.0 = Debug|Any CPU
		{F60B385B-D06C-497C-88E1-CAC47778C0C0}.Debug|x64.ActiveCfg = Debug|Any CPU
		{F60B385B-D06C-497C-88E1-CAC47778C0C0}.Debug|x64.Build.0 = Debug|Any CPU
		{F60B385B-D06C-497C-88E1-CAC47778C0C0}.Debug|x86.ActiveCfg = Debug|Any CPU
		{F60B385B-D06C-497C-88E1-CAC47778C0C0}.Debug|x86.Build.0 = Debug|Any CPU
		{F60B385B-D06C-497C-88E1-CAC47778C0C0}.Release|Any CPU.ActiveCfg = Release|Any CPU
		{F60B385B-D06C-497C-88E1-CAC47778C0C0}.Release|Any CPU.Build.0 = Release|Any CPU
		{F60B385B-D06C-497C-88E1-CAC47778C0C0}.Release|x64.ActiveCfg = Release|Any CPU
		{F60B385B-D06C-497C-88E1-CAC47778C0C0}.Release|x64.Build.0 = Release|Any CPU
		{F60B385B-D06C-497C-88E1-CAC47778C0C0}.Release|x86.ActiveCfg = Release|Any CPU
		{F60B385B-D06C-497C-88E1-CAC47778C0C0}.Release|x86.Build.0 = Release|Any CPU
		{F25232E8-E6B7-4BA0-BE76-6E763C8DB687}.Debug|Any CPU.ActiveCfg = Debug|Any CPU
		{F25232E8-E6B7-4BA0-BE76-6E763C8DB687}.Debug|Any CPU.Build.0 = Debug|Any CPU
		{F25232E8-E6B7-4BA0-BE76-6E763C8DB687}.Debug|x64.ActiveCfg = Debug|Any CPU
		{F25232E8-E6B7-4BA0-BE76-6E763C8DB687}.Debug|x64.Build.0 = Debug|Any CPU
		{F25232E8-E6B7-4BA0-BE76-6E763C8DB687}.Debug|x86.ActiveCfg = Debug|Any CPU
		{F25232E8-E6B7-4BA0-BE76-6E763C8DB687}.Debug|x86.Build.0 = Debug|Any CPU
		{F25232E8-E6B7-4BA0-BE76-6E763C8DB687}.Release|Any CPU.ActiveCfg = Release|Any CPU
		{F25232E8-E6B7-4BA0-BE76-6E763C8DB687}.Release|Any CPU.Build.0 = Release|Any CPU
		{F25232E8-E6B7-4BA0-BE76-6E763C8DB687}.Release|x64.ActiveCfg = Release|Any CPU
		{F25232E8-E6B7-4BA0-BE76-6E763C8DB687}.Release|x64.Build.0 = Release|Any CPU
		{F25232E8-E6B7-4BA0-BE76-6E763C8DB687}.Release|x86.ActiveCfg = Release|Any CPU
		{F25232E8-E6B7-4BA0-BE76-6E763C8DB687}.Release|x86.Build.0 = Release|Any CPU
		{AE414221-C295-41B2-BB61-59480A8E31A6}.Debug|Any CPU.ActiveCfg = Debug|Any CPU
		{AE414221-C295-41B2-BB61-59480A8E31A6}.Debug|Any CPU.Build.0 = Debug|Any CPU
		{AE414221-C295-41B2-BB61-59480A8E31A6}.Debug|x64.ActiveCfg = Debug|Any CPU
		{AE414221-C295-41B2-BB61-59480A8E31A6}.Debug|x64.Build.0 = Debug|Any CPU
		{AE414221-C295-41B2-BB61-59480A8E31A6}.Debug|x86.ActiveCfg = Debug|Any CPU
		{AE414221-C295-41B2-BB61-59480A8E31A6}.Debug|x86.Build.0 = Debug|Any CPU
		{AE414221-C295-41B2-BB61-59480A8E31A6}.Release|Any CPU.ActiveCfg = Release|Any CPU
		{AE414221-C295-41B2-BB61-59480A8E31A6}.Release|Any CPU.Build.0 = Release|Any CPU
		{AE414221-C295-41B2-BB61-59480A8E31A6}.Release|x64.ActiveCfg = Release|Any CPU
		{AE414221-C295-41B2-BB61-59480A8E31A6}.Release|x64.Build.0 = Release|Any CPU
		{AE414221-C295-41B2-BB61-59480A8E31A6}.Release|x86.ActiveCfg = Release|Any CPU
		{AE414221-C295-41B2-BB61-59480A8E31A6}.Release|x86.Build.0 = Release|Any CPU
		{7E78C9B4-CC2D-4AE2-BC23-121ECC8EBA95}.Debug|Any CPU.ActiveCfg = Debug|Any CPU
		{7E78C9B4-CC2D-4AE2-BC23-121ECC8EBA95}.Debug|Any CPU.Build.0 = Debug|Any CPU
		{7E78C9B4-CC2D-4AE2-BC23-121ECC8EBA95}.Debug|x64.ActiveCfg = Debug|Any CPU
		{7E78C9B4-CC2D-4AE2-BC23-121ECC8EBA95}.Debug|x64.Build.0 = Debug|Any CPU
		{7E78C9B4-CC2D-4AE2-BC23-121ECC8EBA95}.Debug|x86.ActiveCfg = Debug|Any CPU
		{7E78C9B4-CC2D-4AE2-BC23-121ECC8EBA95}.Debug|x86.Build.0 = Debug|Any CPU
		{7E78C9B4-CC2D-4AE2-BC23-121ECC8EBA95}.Release|Any CPU.ActiveCfg = Release|Any CPU
		{7E78C9B4-CC2D-4AE2-BC23-121ECC8EBA95}.Release|Any CPU.Build.0 = Release|Any CPU
		{7E78C9B4-CC2D-4AE2-BC23-121ECC8EBA95}.Release|x64.ActiveCfg = Release|Any CPU
		{7E78C9B4-CC2D-4AE2-BC23-121ECC8EBA95}.Release|x64.Build.0 = Release|Any CPU
		{7E78C9B4-CC2D-4AE2-BC23-121ECC8EBA95}.Release|x86.ActiveCfg = Release|Any CPU
		{7E78C9B4-CC2D-4AE2-BC23-121ECC8EBA95}.Release|x86.Build.0 = Release|Any CPU
		{4357CB79-27CF-412C-9251-7E6847008A5C}.Debug|Any CPU.ActiveCfg = Debug|Any CPU
		{4357CB79-27CF-412C-9251-7E6847008A5C}.Debug|Any CPU.Build.0 = Debug|Any CPU
		{4357CB79-27CF-412C-9251-7E6847008A5C}.Debug|x64.ActiveCfg = Debug|Any CPU
		{4357CB79-27CF-412C-9251-7E6847008A5C}.Debug|x64.Build.0 = Debug|Any CPU
		{4357CB79-27CF-412C-9251-7E6847008A5C}.Debug|x86.ActiveCfg = Debug|Any CPU
		{4357CB79-27CF-412C-9251-7E6847008A5C}.Debug|x86.Build.0 = Debug|Any CPU
		{4357CB79-27CF-412C-9251-7E6847008A5C}.Release|Any CPU.ActiveCfg = Release|Any CPU
		{4357CB79-27CF-412C-9251-7E6847008A5C}.Release|Any CPU.Build.0 = Release|Any CPU
		{4357CB79-27CF-412C-9251-7E6847008A5C}.Release|x64.ActiveCfg = Release|Any CPU
		{4357CB79-27CF-412C-9251-7E6847008A5C}.Release|x64.Build.0 = Release|Any CPU
		{4357CB79-27CF-412C-9251-7E6847008A5C}.Release|x86.ActiveCfg = Release|Any CPU
		{4357CB79-27CF-412C-9251-7E6847008A5C}.Release|x86.Build.0 = Release|Any CPU
		{506665CA-2E5A-4578-8469-45D9D74AEDBC}.Debug|Any CPU.ActiveCfg = Debug|Any CPU
		{506665CA-2E5A-4578-8469-45D9D74AEDBC}.Debug|Any CPU.Build.0 = Debug|Any CPU
		{506665CA-2E5A-4578-8469-45D9D74AEDBC}.Debug|x64.ActiveCfg = Debug|Any CPU
		{506665CA-2E5A-4578-8469-45D9D74AEDBC}.Debug|x64.Build.0 = Debug|Any CPU
		{506665CA-2E5A-4578-8469-45D9D74AEDBC}.Debug|x86.ActiveCfg = Debug|Any CPU
		{506665CA-2E5A-4578-8469-45D9D74AEDBC}.Debug|x86.Build.0 = Debug|Any CPU
		{506665CA-2E5A-4578-8469-45D9D74AEDBC}.Release|Any CPU.ActiveCfg = Release|Any CPU
		{506665CA-2E5A-4578-8469-45D9D74AEDBC}.Release|Any CPU.Build.0 = Release|Any CPU
		{506665CA-2E5A-4578-8469-45D9D74AEDBC}.Release|x64.ActiveCfg = Release|Any CPU
		{506665CA-2E5A-4578-8469-45D9D74AEDBC}.Release|x64.Build.0 = Release|Any CPU
		{506665CA-2E5A-4578-8469-45D9D74AEDBC}.Release|x86.ActiveCfg = Release|Any CPU
		{506665CA-2E5A-4578-8469-45D9D74AEDBC}.Release|x86.Build.0 = Release|Any CPU
		{20739EE8-5CDE-496F-B831-ADBB4A97B06D}.Debug|Any CPU.ActiveCfg = Debug|Any CPU
		{20739EE8-5CDE-496F-B831-ADBB4A97B06D}.Debug|Any CPU.Build.0 = Debug|Any CPU
		{20739EE8-5CDE-496F-B831-ADBB4A97B06D}.Debug|x64.ActiveCfg = Debug|Any CPU
		{20739EE8-5CDE-496F-B831-ADBB4A97B06D}.Debug|x64.Build.0 = Debug|Any CPU
		{20739EE8-5CDE-496F-B831-ADBB4A97B06D}.Debug|x86.ActiveCfg = Debug|Any CPU
		{20739EE8-5CDE-496F-B831-ADBB4A97B06D}.Debug|x86.Build.0 = Debug|Any CPU
		{20739EE8-5CDE-496F-B831-ADBB4A97B06D}.Release|Any CPU.ActiveCfg = Release|Any CPU
		{20739EE8-5CDE-496F-B831-ADBB4A97B06D}.Release|Any CPU.Build.0 = Release|Any CPU
		{20739EE8-5CDE-496F-B831-ADBB4A97B06D}.Release|x64.ActiveCfg = Release|Any CPU
		{20739EE8-5CDE-496F-B831-ADBB4A97B06D}.Release|x64.Build.0 = Release|Any CPU
		{20739EE8-5CDE-496F-B831-ADBB4A97B06D}.Release|x86.ActiveCfg = Release|Any CPU
		{20739EE8-5CDE-496F-B831-ADBB4A97B06D}.Release|x86.Build.0 = Release|Any CPU
		{0ACC0D29-B045-4220-ADD4-8681E78D5F0A}.Debug|Any CPU.ActiveCfg = Debug|Any CPU
		{0ACC0D29-B045-4220-ADD4-8681E78D5F0A}.Debug|Any CPU.Build.0 = Debug|Any CPU
		{0ACC0D29-B045-4220-ADD4-8681E78D5F0A}.Debug|x64.ActiveCfg = Debug|Any CPU
		{0ACC0D29-B045-4220-ADD4-8681E78D5F0A}.Debug|x64.Build.0 = Debug|Any CPU
		{0ACC0D29-B045-4220-ADD4-8681E78D5F0A}.Debug|x86.ActiveCfg = Debug|Any CPU
		{0ACC0D29-B045-4220-ADD4-8681E78D5F0A}.Debug|x86.Build.0 = Debug|Any CPU
		{0ACC0D29-B045-4220-ADD4-8681E78D5F0A}.Release|Any CPU.ActiveCfg = Release|Any CPU
		{0ACC0D29-B045-4220-ADD4-8681E78D5F0A}.Release|Any CPU.Build.0 = Release|Any CPU
		{0ACC0D29-B045-4220-ADD4-8681E78D5F0A}.Release|x64.ActiveCfg = Release|Any CPU
		{0ACC0D29-B045-4220-ADD4-8681E78D5F0A}.Release|x64.Build.0 = Release|Any CPU
		{0ACC0D29-B045-4220-ADD4-8681E78D5F0A}.Release|x86.ActiveCfg = Release|Any CPU
		{0ACC0D29-B045-4220-ADD4-8681E78D5F0A}.Release|x86.Build.0 = Release|Any CPU
		{CC09BEFB-DA4C-401A-B737-4F08EF966272}.Debug|Any CPU.ActiveCfg = Debug|Any CPU
		{CC09BEFB-DA4C-401A-B737-4F08EF966272}.Debug|Any CPU.Build.0 = Debug|Any CPU
		{CC09BEFB-DA4C-401A-B737-4F08EF966272}.Debug|x64.ActiveCfg = Debug|Any CPU
		{CC09BEFB-DA4C-401A-B737-4F08EF966272}.Debug|x64.Build.0 = Debug|Any CPU
		{CC09BEFB-DA4C-401A-B737-4F08EF966272}.Debug|x86.ActiveCfg = Debug|Any CPU
		{CC09BEFB-DA4C-401A-B737-4F08EF966272}.Debug|x86.Build.0 = Debug|Any CPU
		{CC09BEFB-DA4C-401A-B737-4F08EF966272}.Release|Any CPU.ActiveCfg = Release|Any CPU
		{CC09BEFB-DA4C-401A-B737-4F08EF966272}.Release|Any CPU.Build.0 = Release|Any CPU
		{CC09BEFB-DA4C-401A-B737-4F08EF966272}.Release|x64.ActiveCfg = Release|Any CPU
		{CC09BEFB-DA4C-401A-B737-4F08EF966272}.Release|x64.Build.0 = Release|Any CPU
		{CC09BEFB-DA4C-401A-B737-4F08EF966272}.Release|x86.ActiveCfg = Release|Any CPU
		{CC09BEFB-DA4C-401A-B737-4F08EF966272}.Release|x86.Build.0 = Release|Any CPU
		{B075218E-4068-4F01-80D3-AEFA0B24189E}.Debug|Any CPU.ActiveCfg = Debug|Any CPU
		{B075218E-4068-4F01-80D3-AEFA0B24189E}.Debug|Any CPU.Build.0 = Debug|Any CPU
		{B075218E-4068-4F01-80D3-AEFA0B24189E}.Debug|x64.ActiveCfg = Debug|Any CPU
		{B075218E-4068-4F01-80D3-AEFA0B24189E}.Debug|x64.Build.0 = Debug|Any CPU
		{B075218E-4068-4F01-80D3-AEFA0B24189E}.Debug|x86.ActiveCfg = Debug|Any CPU
		{B075218E-4068-4F01-80D3-AEFA0B24189E}.Debug|x86.Build.0 = Debug|Any CPU
		{B075218E-4068-4F01-80D3-AEFA0B24189E}.Release|Any CPU.ActiveCfg = Release|Any CPU
		{B075218E-4068-4F01-80D3-AEFA0B24189E}.Release|Any CPU.Build.0 = Release|Any CPU
		{B075218E-4068-4F01-80D3-AEFA0B24189E}.Release|x64.ActiveCfg = Release|Any CPU
		{B075218E-4068-4F01-80D3-AEFA0B24189E}.Release|x64.Build.0 = Release|Any CPU
		{B075218E-4068-4F01-80D3-AEFA0B24189E}.Release|x86.ActiveCfg = Release|Any CPU
		{B075218E-4068-4F01-80D3-AEFA0B24189E}.Release|x86.Build.0 = Release|Any CPU
		{29196197-9E36-481D-BED4-A578B2566EB2}.Debug|Any CPU.ActiveCfg = Debug|Any CPU
		{29196197-9E36-481D-BED4-A578B2566EB2}.Debug|Any CPU.Build.0 = Debug|Any CPU
		{29196197-9E36-481D-BED4-A578B2566EB2}.Debug|x64.ActiveCfg = Debug|Any CPU
		{29196197-9E36-481D-BED4-A578B2566EB2}.Debug|x64.Build.0 = Debug|Any CPU
		{29196197-9E36-481D-BED4-A578B2566EB2}.Debug|x86.ActiveCfg = Debug|Any CPU
		{29196197-9E36-481D-BED4-A578B2566EB2}.Debug|x86.Build.0 = Debug|Any CPU
		{29196197-9E36-481D-BED4-A578B2566EB2}.Release|Any CPU.ActiveCfg = Release|Any CPU
		{29196197-9E36-481D-BED4-A578B2566EB2}.Release|Any CPU.Build.0 = Release|Any CPU
		{29196197-9E36-481D-BED4-A578B2566EB2}.Release|x64.ActiveCfg = Release|Any CPU
		{29196197-9E36-481D-BED4-A578B2566EB2}.Release|x64.Build.0 = Release|Any CPU
		{29196197-9E36-481D-BED4-A578B2566EB2}.Release|x86.ActiveCfg = Release|Any CPU
		{29196197-9E36-481D-BED4-A578B2566EB2}.Release|x86.Build.0 = Release|Any CPU
		{AB70766C-9D78-4EE5-A7C4-B561828D14D3}.Debug|Any CPU.ActiveCfg = Debug|Any CPU
		{AB70766C-9D78-4EE5-A7C4-B561828D14D3}.Debug|Any CPU.Build.0 = Debug|Any CPU
		{AB70766C-9D78-4EE5-A7C4-B561828D14D3}.Debug|x64.ActiveCfg = Debug|Any CPU
		{AB70766C-9D78-4EE5-A7C4-B561828D14D3}.Debug|x64.Build.0 = Debug|Any CPU
		{AB70766C-9D78-4EE5-A7C4-B561828D14D3}.Debug|x86.ActiveCfg = Debug|Any CPU
		{AB70766C-9D78-4EE5-A7C4-B561828D14D3}.Debug|x86.Build.0 = Debug|Any CPU
		{AB70766C-9D78-4EE5-A7C4-B561828D14D3}.Release|Any CPU.ActiveCfg = Release|Any CPU
		{AB70766C-9D78-4EE5-A7C4-B561828D14D3}.Release|Any CPU.Build.0 = Release|Any CPU
		{AB70766C-9D78-4EE5-A7C4-B561828D14D3}.Release|x64.ActiveCfg = Release|Any CPU
		{AB70766C-9D78-4EE5-A7C4-B561828D14D3}.Release|x64.Build.0 = Release|Any CPU
		{AB70766C-9D78-4EE5-A7C4-B561828D14D3}.Release|x86.ActiveCfg = Release|Any CPU
		{AB70766C-9D78-4EE5-A7C4-B561828D14D3}.Release|x86.Build.0 = Release|Any CPU
		{7E5404C9-92E1-48D2-9D60-5BD41CE69AFB}.Debug|Any CPU.ActiveCfg = Debug|Any CPU
		{7E5404C9-92E1-48D2-9D60-5BD41CE69AFB}.Debug|Any CPU.Build.0 = Debug|Any CPU
		{7E5404C9-92E1-48D2-9D60-5BD41CE69AFB}.Debug|x64.ActiveCfg = Debug|Any CPU
		{7E5404C9-92E1-48D2-9D60-5BD41CE69AFB}.Debug|x64.Build.0 = Debug|Any CPU
		{7E5404C9-92E1-48D2-9D60-5BD41CE69AFB}.Debug|x86.ActiveCfg = Debug|Any CPU
		{7E5404C9-92E1-48D2-9D60-5BD41CE69AFB}.Debug|x86.Build.0 = Debug|Any CPU
		{7E5404C9-92E1-48D2-9D60-5BD41CE69AFB}.Release|Any CPU.ActiveCfg = Release|Any CPU
		{7E5404C9-92E1-48D2-9D60-5BD41CE69AFB}.Release|Any CPU.Build.0 = Release|Any CPU
		{7E5404C9-92E1-48D2-9D60-5BD41CE69AFB}.Release|x64.ActiveCfg = Release|Any CPU
		{7E5404C9-92E1-48D2-9D60-5BD41CE69AFB}.Release|x64.Build.0 = Release|Any CPU
		{7E5404C9-92E1-48D2-9D60-5BD41CE69AFB}.Release|x86.ActiveCfg = Release|Any CPU
		{7E5404C9-92E1-48D2-9D60-5BD41CE69AFB}.Release|x86.Build.0 = Release|Any CPU
		{83C78AED-62C2-4DC2-B9E2-50885504D1EB}.Debug|Any CPU.ActiveCfg = Debug|Any CPU
		{83C78AED-62C2-4DC2-B9E2-50885504D1EB}.Debug|Any CPU.Build.0 = Debug|Any CPU
		{83C78AED-62C2-4DC2-B9E2-50885504D1EB}.Debug|x64.ActiveCfg = Debug|Any CPU
		{83C78AED-62C2-4DC2-B9E2-50885504D1EB}.Debug|x64.Build.0 = Debug|Any CPU
		{83C78AED-62C2-4DC2-B9E2-50885504D1EB}.Debug|x86.ActiveCfg = Debug|Any CPU
		{83C78AED-62C2-4DC2-B9E2-50885504D1EB}.Debug|x86.Build.0 = Debug|Any CPU
		{83C78AED-62C2-4DC2-B9E2-50885504D1EB}.Release|Any CPU.ActiveCfg = Release|Any CPU
		{83C78AED-62C2-4DC2-B9E2-50885504D1EB}.Release|Any CPU.Build.0 = Release|Any CPU
		{83C78AED-62C2-4DC2-B9E2-50885504D1EB}.Release|x64.ActiveCfg = Release|Any CPU
		{83C78AED-62C2-4DC2-B9E2-50885504D1EB}.Release|x64.Build.0 = Release|Any CPU
		{83C78AED-62C2-4DC2-B9E2-50885504D1EB}.Release|x86.ActiveCfg = Release|Any CPU
		{83C78AED-62C2-4DC2-B9E2-50885504D1EB}.Release|x86.Build.0 = Release|Any CPU
		{5328D92A-F051-4B68-8AAC-4903FF0560EC}.Debug|Any CPU.ActiveCfg = Debug|Any CPU
		{5328D92A-F051-4B68-8AAC-4903FF0560EC}.Debug|Any CPU.Build.0 = Debug|Any CPU
		{5328D92A-F051-4B68-8AAC-4903FF0560EC}.Debug|x64.ActiveCfg = Debug|Any CPU
		{5328D92A-F051-4B68-8AAC-4903FF0560EC}.Debug|x64.Build.0 = Debug|Any CPU
		{5328D92A-F051-4B68-8AAC-4903FF0560EC}.Debug|x86.ActiveCfg = Debug|Any CPU
		{5328D92A-F051-4B68-8AAC-4903FF0560EC}.Debug|x86.Build.0 = Debug|Any CPU
		{5328D92A-F051-4B68-8AAC-4903FF0560EC}.Release|Any CPU.ActiveCfg = Release|Any CPU
		{5328D92A-F051-4B68-8AAC-4903FF0560EC}.Release|Any CPU.Build.0 = Release|Any CPU
		{5328D92A-F051-4B68-8AAC-4903FF0560EC}.Release|x64.ActiveCfg = Release|Any CPU
		{5328D92A-F051-4B68-8AAC-4903FF0560EC}.Release|x64.Build.0 = Release|Any CPU
		{5328D92A-F051-4B68-8AAC-4903FF0560EC}.Release|x86.ActiveCfg = Release|Any CPU
		{5328D92A-F051-4B68-8AAC-4903FF0560EC}.Release|x86.Build.0 = Release|Any CPU
		{60909BE2-018F-4F15-8F32-2ACAA4669262}.Debug|Any CPU.ActiveCfg = Debug|Any CPU
		{60909BE2-018F-4F15-8F32-2ACAA4669262}.Debug|Any CPU.Build.0 = Debug|Any CPU
		{60909BE2-018F-4F15-8F32-2ACAA4669262}.Debug|x64.ActiveCfg = Debug|Any CPU
		{60909BE2-018F-4F15-8F32-2ACAA4669262}.Debug|x64.Build.0 = Debug|Any CPU
		{60909BE2-018F-4F15-8F32-2ACAA4669262}.Debug|x86.ActiveCfg = Debug|Any CPU
		{60909BE2-018F-4F15-8F32-2ACAA4669262}.Debug|x86.Build.0 = Debug|Any CPU
		{60909BE2-018F-4F15-8F32-2ACAA4669262}.Release|Any CPU.ActiveCfg = Release|Any CPU
		{60909BE2-018F-4F15-8F32-2ACAA4669262}.Release|Any CPU.Build.0 = Release|Any CPU
		{60909BE2-018F-4F15-8F32-2ACAA4669262}.Release|x64.ActiveCfg = Release|Any CPU
		{60909BE2-018F-4F15-8F32-2ACAA4669262}.Release|x64.Build.0 = Release|Any CPU
		{60909BE2-018F-4F15-8F32-2ACAA4669262}.Release|x86.ActiveCfg = Release|Any CPU
		{60909BE2-018F-4F15-8F32-2ACAA4669262}.Release|x86.Build.0 = Release|Any CPU
		{2820C202-26E8-4BDF-84C3-82CCF86B54FB}.Debug|Any CPU.ActiveCfg = Debug|Any CPU
		{2820C202-26E8-4BDF-84C3-82CCF86B54FB}.Debug|Any CPU.Build.0 = Debug|Any CPU
		{2820C202-26E8-4BDF-84C3-82CCF86B54FB}.Debug|x64.ActiveCfg = Debug|Any CPU
		{2820C202-26E8-4BDF-84C3-82CCF86B54FB}.Debug|x64.Build.0 = Debug|Any CPU
		{2820C202-26E8-4BDF-84C3-82CCF86B54FB}.Debug|x86.ActiveCfg = Debug|Any CPU
		{2820C202-26E8-4BDF-84C3-82CCF86B54FB}.Debug|x86.Build.0 = Debug|Any CPU
		{2820C202-26E8-4BDF-84C3-82CCF86B54FB}.Release|Any CPU.ActiveCfg = Release|Any CPU
		{2820C202-26E8-4BDF-84C3-82CCF86B54FB}.Release|Any CPU.Build.0 = Release|Any CPU
		{2820C202-26E8-4BDF-84C3-82CCF86B54FB}.Release|x64.ActiveCfg = Release|Any CPU
		{2820C202-26E8-4BDF-84C3-82CCF86B54FB}.Release|x64.Build.0 = Release|Any CPU
		{2820C202-26E8-4BDF-84C3-82CCF86B54FB}.Release|x86.ActiveCfg = Release|Any CPU
		{2820C202-26E8-4BDF-84C3-82CCF86B54FB}.Release|x86.Build.0 = Release|Any CPU
		{58E82B17-D064-4C4A-BC27-FBD0083BC1C9}.Debug|Any CPU.ActiveCfg = Debug|Any CPU
		{58E82B17-D064-4C4A-BC27-FBD0083BC1C9}.Debug|Any CPU.Build.0 = Debug|Any CPU
		{58E82B17-D064-4C4A-BC27-FBD0083BC1C9}.Debug|x64.ActiveCfg = Debug|Any CPU
		{58E82B17-D064-4C4A-BC27-FBD0083BC1C9}.Debug|x64.Build.0 = Debug|Any CPU
		{58E82B17-D064-4C4A-BC27-FBD0083BC1C9}.Debug|x86.ActiveCfg = Debug|Any CPU
		{58E82B17-D064-4C4A-BC27-FBD0083BC1C9}.Debug|x86.Build.0 = Debug|Any CPU
		{58E82B17-D064-4C4A-BC27-FBD0083BC1C9}.Release|Any CPU.ActiveCfg = Release|Any CPU
		{58E82B17-D064-4C4A-BC27-FBD0083BC1C9}.Release|Any CPU.Build.0 = Release|Any CPU
		{58E82B17-D064-4C4A-BC27-FBD0083BC1C9}.Release|x64.ActiveCfg = Release|Any CPU
		{58E82B17-D064-4C4A-BC27-FBD0083BC1C9}.Release|x64.Build.0 = Release|Any CPU
		{58E82B17-D064-4C4A-BC27-FBD0083BC1C9}.Release|x86.ActiveCfg = Release|Any CPU
		{58E82B17-D064-4C4A-BC27-FBD0083BC1C9}.Release|x86.Build.0 = Release|Any CPU
		{0FC89B9E-4D18-4B86-820E-B4E947C8BE90}.Debug|Any CPU.ActiveCfg = Debug|Any CPU
		{0FC89B9E-4D18-4B86-820E-B4E947C8BE90}.Debug|Any CPU.Build.0 = Debug|Any CPU
		{0FC89B9E-4D18-4B86-820E-B4E947C8BE90}.Debug|x64.ActiveCfg = Debug|Any CPU
		{0FC89B9E-4D18-4B86-820E-B4E947C8BE90}.Debug|x64.Build.0 = Debug|Any CPU
		{0FC89B9E-4D18-4B86-820E-B4E947C8BE90}.Debug|x86.ActiveCfg = Debug|Any CPU
		{0FC89B9E-4D18-4B86-820E-B4E947C8BE90}.Debug|x86.Build.0 = Debug|Any CPU
		{0FC89B9E-4D18-4B86-820E-B4E947C8BE90}.Release|Any CPU.ActiveCfg = Release|Any CPU
		{0FC89B9E-4D18-4B86-820E-B4E947C8BE90}.Release|Any CPU.Build.0 = Release|Any CPU
		{0FC89B9E-4D18-4B86-820E-B4E947C8BE90}.Release|x64.ActiveCfg = Release|Any CPU
		{0FC89B9E-4D18-4B86-820E-B4E947C8BE90}.Release|x64.Build.0 = Release|Any CPU
		{0FC89B9E-4D18-4B86-820E-B4E947C8BE90}.Release|x86.ActiveCfg = Release|Any CPU
		{0FC89B9E-4D18-4B86-820E-B4E947C8BE90}.Release|x86.Build.0 = Release|Any CPU
		{826620B3-F248-4CA3-9501-3576B833571E}.Debug|Any CPU.ActiveCfg = Debug|Any CPU
		{826620B3-F248-4CA3-9501-3576B833571E}.Debug|Any CPU.Build.0 = Debug|Any CPU
		{826620B3-F248-4CA3-9501-3576B833571E}.Debug|x64.ActiveCfg = Debug|Any CPU
		{826620B3-F248-4CA3-9501-3576B833571E}.Debug|x64.Build.0 = Debug|Any CPU
		{826620B3-F248-4CA3-9501-3576B833571E}.Debug|x86.ActiveCfg = Debug|Any CPU
		{826620B3-F248-4CA3-9501-3576B833571E}.Debug|x86.Build.0 = Debug|Any CPU
		{826620B3-F248-4CA3-9501-3576B833571E}.Release|Any CPU.ActiveCfg = Release|Any CPU
		{826620B3-F248-4CA3-9501-3576B833571E}.Release|Any CPU.Build.0 = Release|Any CPU
		{826620B3-F248-4CA3-9501-3576B833571E}.Release|x64.ActiveCfg = Release|Any CPU
		{826620B3-F248-4CA3-9501-3576B833571E}.Release|x64.Build.0 = Release|Any CPU
		{826620B3-F248-4CA3-9501-3576B833571E}.Release|x86.ActiveCfg = Release|Any CPU
		{826620B3-F248-4CA3-9501-3576B833571E}.Release|x86.Build.0 = Release|Any CPU
		{A3CD04B3-29E9-4B0A-ACF7-6860EA437679}.Debug|Any CPU.ActiveCfg = Debug|Any CPU
		{A3CD04B3-29E9-4B0A-ACF7-6860EA437679}.Debug|Any CPU.Build.0 = Debug|Any CPU
		{A3CD04B3-29E9-4B0A-ACF7-6860EA437679}.Debug|x64.ActiveCfg = Debug|Any CPU
		{A3CD04B3-29E9-4B0A-ACF7-6860EA437679}.Debug|x64.Build.0 = Debug|Any CPU
		{A3CD04B3-29E9-4B0A-ACF7-6860EA437679}.Debug|x86.ActiveCfg = Debug|Any CPU
		{A3CD04B3-29E9-4B0A-ACF7-6860EA437679}.Debug|x86.Build.0 = Debug|Any CPU
		{A3CD04B3-29E9-4B0A-ACF7-6860EA437679}.Release|Any CPU.ActiveCfg = Release|Any CPU
		{A3CD04B3-29E9-4B0A-ACF7-6860EA437679}.Release|Any CPU.Build.0 = Release|Any CPU
		{A3CD04B3-29E9-4B0A-ACF7-6860EA437679}.Release|x64.ActiveCfg = Release|Any CPU
		{A3CD04B3-29E9-4B0A-ACF7-6860EA437679}.Release|x64.Build.0 = Release|Any CPU
		{A3CD04B3-29E9-4B0A-ACF7-6860EA437679}.Release|x86.ActiveCfg = Release|Any CPU
		{A3CD04B3-29E9-4B0A-ACF7-6860EA437679}.Release|x86.Build.0 = Release|Any CPU
		{A06058C4-60A5-47C4-8593-EDCD5D999682}.Debug|Any CPU.ActiveCfg = Debug|Any CPU
		{A06058C4-60A5-47C4-8593-EDCD5D999682}.Debug|Any CPU.Build.0 = Debug|Any CPU
		{A06058C4-60A5-47C4-8593-EDCD5D999682}.Debug|x64.ActiveCfg = Debug|Any CPU
		{A06058C4-60A5-47C4-8593-EDCD5D999682}.Debug|x64.Build.0 = Debug|Any CPU
		{A06058C4-60A5-47C4-8593-EDCD5D999682}.Debug|x86.ActiveCfg = Debug|Any CPU
		{A06058C4-60A5-47C4-8593-EDCD5D999682}.Debug|x86.Build.0 = Debug|Any CPU
		{A06058C4-60A5-47C4-8593-EDCD5D999682}.Release|Any CPU.ActiveCfg = Release|Any CPU
		{A06058C4-60A5-47C4-8593-EDCD5D999682}.Release|Any CPU.Build.0 = Release|Any CPU
		{A06058C4-60A5-47C4-8593-EDCD5D999682}.Release|x64.ActiveCfg = Release|Any CPU
		{A06058C4-60A5-47C4-8593-EDCD5D999682}.Release|x64.Build.0 = Release|Any CPU
		{A06058C4-60A5-47C4-8593-EDCD5D999682}.Release|x86.ActiveCfg = Release|Any CPU
		{A06058C4-60A5-47C4-8593-EDCD5D999682}.Release|x86.Build.0 = Release|Any CPU
		{8D2A3350-972F-46B8-A567-A47FDD7BC221}.Debug|Any CPU.ActiveCfg = Debug|Any CPU
		{8D2A3350-972F-46B8-A567-A47FDD7BC221}.Debug|Any CPU.Build.0 = Debug|Any CPU
		{8D2A3350-972F-46B8-A567-A47FDD7BC221}.Debug|x64.ActiveCfg = Debug|Any CPU
		{8D2A3350-972F-46B8-A567-A47FDD7BC221}.Debug|x64.Build.0 = Debug|Any CPU
		{8D2A3350-972F-46B8-A567-A47FDD7BC221}.Debug|x86.ActiveCfg = Debug|Any CPU
		{8D2A3350-972F-46B8-A567-A47FDD7BC221}.Debug|x86.Build.0 = Debug|Any CPU
		{8D2A3350-972F-46B8-A567-A47FDD7BC221}.Release|Any CPU.ActiveCfg = Release|Any CPU
		{8D2A3350-972F-46B8-A567-A47FDD7BC221}.Release|Any CPU.Build.0 = Release|Any CPU
		{8D2A3350-972F-46B8-A567-A47FDD7BC221}.Release|x64.ActiveCfg = Release|Any CPU
		{8D2A3350-972F-46B8-A567-A47FDD7BC221}.Release|x64.Build.0 = Release|Any CPU
		{8D2A3350-972F-46B8-A567-A47FDD7BC221}.Release|x86.ActiveCfg = Release|Any CPU
		{8D2A3350-972F-46B8-A567-A47FDD7BC221}.Release|x86.Build.0 = Release|Any CPU
		{D8A7C749-CA9C-4D68-AFC8-5AF3264EB70E}.Debug|Any CPU.ActiveCfg = Debug|Any CPU
		{D8A7C749-CA9C-4D68-AFC8-5AF3264EB70E}.Debug|Any CPU.Build.0 = Debug|Any CPU
		{D8A7C749-CA9C-4D68-AFC8-5AF3264EB70E}.Debug|x64.ActiveCfg = Debug|Any CPU
		{D8A7C749-CA9C-4D68-AFC8-5AF3264EB70E}.Debug|x64.Build.0 = Debug|Any CPU
		{D8A7C749-CA9C-4D68-AFC8-5AF3264EB70E}.Debug|x86.ActiveCfg = Debug|Any CPU
		{D8A7C749-CA9C-4D68-AFC8-5AF3264EB70E}.Debug|x86.Build.0 = Debug|Any CPU
		{D8A7C749-CA9C-4D68-AFC8-5AF3264EB70E}.Release|Any CPU.ActiveCfg = Release|Any CPU
		{D8A7C749-CA9C-4D68-AFC8-5AF3264EB70E}.Release|Any CPU.Build.0 = Release|Any CPU
		{D8A7C749-CA9C-4D68-AFC8-5AF3264EB70E}.Release|x64.ActiveCfg = Release|Any CPU
		{D8A7C749-CA9C-4D68-AFC8-5AF3264EB70E}.Release|x64.Build.0 = Release|Any CPU
		{D8A7C749-CA9C-4D68-AFC8-5AF3264EB70E}.Release|x86.ActiveCfg = Release|Any CPU
		{D8A7C749-CA9C-4D68-AFC8-5AF3264EB70E}.Release|x86.Build.0 = Release|Any CPU
		{56CD288E-F577-4994-912F-CF6712BD8F2D}.Debug|Any CPU.ActiveCfg = Debug|Any CPU
		{56CD288E-F577-4994-912F-CF6712BD8F2D}.Debug|Any CPU.Build.0 = Debug|Any CPU
		{56CD288E-F577-4994-912F-CF6712BD8F2D}.Debug|x64.ActiveCfg = Debug|Any CPU
		{56CD288E-F577-4994-912F-CF6712BD8F2D}.Debug|x64.Build.0 = Debug|Any CPU
		{56CD288E-F577-4994-912F-CF6712BD8F2D}.Debug|x86.ActiveCfg = Debug|Any CPU
		{56CD288E-F577-4994-912F-CF6712BD8F2D}.Debug|x86.Build.0 = Debug|Any CPU
		{56CD288E-F577-4994-912F-CF6712BD8F2D}.Release|Any CPU.ActiveCfg = Release|Any CPU
		{56CD288E-F577-4994-912F-CF6712BD8F2D}.Release|Any CPU.Build.0 = Release|Any CPU
		{56CD288E-F577-4994-912F-CF6712BD8F2D}.Release|x64.ActiveCfg = Release|Any CPU
		{56CD288E-F577-4994-912F-CF6712BD8F2D}.Release|x64.Build.0 = Release|Any CPU
		{56CD288E-F577-4994-912F-CF6712BD8F2D}.Release|x86.ActiveCfg = Release|Any CPU
		{56CD288E-F577-4994-912F-CF6712BD8F2D}.Release|x86.Build.0 = Release|Any CPU
	EndGlobalSection
	GlobalSection(SolutionProperties) = preSolution
		HideSolutionNode = FALSE
	EndGlobalSection
	GlobalSection(NestedProjects) = preSolution
		{551CFE07-3C14-40D5-8B57-364BC1C7A223} = {D1BC8930-3E12-46A6-BE40-BCED14F65BEE}
		{3F257E58-A9BB-4DDE-A308-31AEF9D46918} = {551CFE07-3C14-40D5-8B57-364BC1C7A223}
		{CBAE93B0-0C1E-4BD4-B82A-2495493316CE} = {D1BC8930-3E12-46A6-BE40-BCED14F65BEE}
		{ADA34AA2-9B3B-407D-875B-ED7AA96674CF} = {CBAE93B0-0C1E-4BD4-B82A-2495493316CE}
		{87989344-6B11-4DFE-9B86-DF830B498EAE} = {D1BC8930-3E12-46A6-BE40-BCED14F65BEE}
		{E0CBA2DD-70D8-4802-A27C-73D85215A0AD} = {87989344-6B11-4DFE-9B86-DF830B498EAE}
		{53BF60A9-331C-4A1E-BDD9-010E22EBC6F7} = {D1BC8930-3E12-46A6-BE40-BCED14F65BEE}
		{728F9A36-FFB2-48CA-921F-4821B20A177B} = {53BF60A9-331C-4A1E-BDD9-010E22EBC6F7}
		{0949AC23-B831-4421-8584-3853BADE84B1} = {D1BC8930-3E12-46A6-BE40-BCED14F65BEE}
		{D699FB82-BD5B-4F45-9B12-F239AA91B5C7} = {0949AC23-B831-4421-8584-3853BADE84B1}
		{34D59986-6FF6-4AB8-8472-2CCA68528E8D} = {D1BC8930-3E12-46A6-BE40-BCED14F65BEE}
		{F60B385B-D06C-497C-88E1-CAC47778C0C0} = {34D59986-6FF6-4AB8-8472-2CCA68528E8D}
		{2A6EBABC-260F-47CA-BBD5-90564762872B} = {D1BC8930-3E12-46A6-BE40-BCED14F65BEE}
		{FED205D9-3C3A-4004-8F80-99F5BB96EEF6} = {2A6EBABC-260F-47CA-BBD5-90564762872B}
		{F25232E8-E6B7-4BA0-BE76-6E763C8DB687} = {FED205D9-3C3A-4004-8F80-99F5BB96EEF6}
		{AE414221-C295-41B2-BB61-59480A8E31A6} = {2A6EBABC-260F-47CA-BBD5-90564762872B}
		{7E78C9B4-CC2D-4AE2-BC23-121ECC8EBA95} = {2A6EBABC-260F-47CA-BBD5-90564762872B}
		{2E8D1000-4C58-438F-80F2-F0D962EACFF8} = {2A6EBABC-260F-47CA-BBD5-90564762872B}
		{4357CB79-27CF-412C-9251-7E6847008A5C} = {2E8D1000-4C58-438F-80F2-F0D962EACFF8}
		{8C4238EC-B117-4950-A8E2-A815E62F8635} = {2A6EBABC-260F-47CA-BBD5-90564762872B}
		{506665CA-2E5A-4578-8469-45D9D74AEDBC} = {8C4238EC-B117-4950-A8E2-A815E62F8635}
		{81F04390-1048-4DE5-B7CB-97F01AFF0F3A} = {2A6EBABC-260F-47CA-BBD5-90564762872B}
		{20739EE8-5CDE-496F-B831-ADBB4A97B06D} = {81F04390-1048-4DE5-B7CB-97F01AFF0F3A}
		{483D2301-8E92-4F3E-AFDB-F3CBE978BB63} = {2A6EBABC-260F-47CA-BBD5-90564762872B}
		{0ACC0D29-B045-4220-ADD4-8681E78D5F0A} = {483D2301-8E92-4F3E-AFDB-F3CBE978BB63}
		{EC9A0A0E-0DFD-453B-B44D-900C497B230D} = {D1BC8930-3E12-46A6-BE40-BCED14F65BEE}
		{CC09BEFB-DA4C-401A-B737-4F08EF966272} = {EC9A0A0E-0DFD-453B-B44D-900C497B230D}
		{CB8C043B-19DB-4188-9810-9B8E4ED7C6CE} = {D1BC8930-3E12-46A6-BE40-BCED14F65BEE}
		{B075218E-4068-4F01-80D3-AEFA0B24189E} = {CB8C043B-19DB-4188-9810-9B8E4ED7C6CE}
		{F30983E7-0990-4528-864A-BD1409484252} = {D1BC8930-3E12-46A6-BE40-BCED14F65BEE}
		{29196197-9E36-481D-BED4-A578B2566EB2} = {F30983E7-0990-4528-864A-BD1409484252}
		{DD981AE3-D90A-4EFD-B78A-4C1138004490} = {D1BC8930-3E12-46A6-BE40-BCED14F65BEE}
		{AB70766C-9D78-4EE5-A7C4-B561828D14D3} = {DD981AE3-D90A-4EFD-B78A-4C1138004490}
		{7E5404C9-92E1-48D2-9D60-5BD41CE69AFB} = {DD981AE3-D90A-4EFD-B78A-4C1138004490}
		{83C78AED-62C2-4DC2-B9E2-50885504D1EB} = {DD981AE3-D90A-4EFD-B78A-4C1138004490}
		{5328D92A-F051-4B68-8AAC-4903FF0560EC} = {DD981AE3-D90A-4EFD-B78A-4C1138004490}
		{4B848FEE-C905-459F-8BBC-4E4E4719DCD7} = {D1BC8930-3E12-46A6-BE40-BCED14F65BEE}
		{60909BE2-018F-4F15-8F32-2ACAA4669262} = {4B848FEE-C905-459F-8BBC-4E4E4719DCD7}
		{2820C202-26E8-4BDF-84C3-82CCF86B54FB} = {4B848FEE-C905-459F-8BBC-4E4E4719DCD7}
		{58E82B17-D064-4C4A-BC27-FBD0083BC1C9} = {4B848FEE-C905-459F-8BBC-4E4E4719DCD7}
		{0FC89B9E-4D18-4B86-820E-B4E947C8BE90} = {4B848FEE-C905-459F-8BBC-4E4E4719DCD7}
		{62508439-87CB-4948-BD2A-01648F9CF26C} = {D1BC8930-3E12-46A6-BE40-BCED14F65BEE}
		{826620B3-F248-4CA3-9501-3576B833571E} = {62508439-87CB-4948-BD2A-01648F9CF26C}
		{62B1D0A3-F463-4C10-A783-CE6C65E8ADE0} = {D1BC8930-3E12-46A6-BE40-BCED14F65BEE}
		{A3CD04B3-29E9-4B0A-ACF7-6860EA437679} = {62B1D0A3-F463-4C10-A783-CE6C65E8ADE0}
		{A06058C4-60A5-47C4-8593-EDCD5D999682} = {62B1D0A3-F463-4C10-A783-CE6C65E8ADE0}
		{E2D88114-9A93-4522-9CFA-10391B357769} = {D1BC8930-3E12-46A6-BE40-BCED14F65BEE}
		{8D2A3350-972F-46B8-A567-A47FDD7BC221} = {E2D88114-9A93-4522-9CFA-10391B357769}
		{7D00B670-2C34-4E1A-BDF2-57B637F17BC9} = {D1BC8930-3E12-46A6-BE40-BCED14F65BEE}
		{D8A7C749-CA9C-4D68-AFC8-5AF3264EB70E} = {7D00B670-2C34-4E1A-BDF2-57B637F17BC9}
		{56CD288E-F577-4994-912F-CF6712BD8F2D} = {35692FC6-2D5D-4C9D-85AF-19E774E9A793}
	EndGlobalSection
EndGlobal
